
Microsoft Visual Studio Solution File, Format Version 12.00
# Visual Studio Version 17
VisualStudioVersion = 17.4.33110.190
MinimumVisualStudioVersion = 10.0.40219.1
Project("{FAE04EC0-301F-11D3-BF4B-00C04F79EFBC}") = "BilfingerStructure.Core", "BilfingerStructureCore\BilfingerStructure.Core.csproj", "{8604B0EA-E5E4-44BB-A99E-04635FACF8A9}"
EndProject
Project("{FAE04EC0-301F-11D3-BF4B-00C04F79EFBC}") = "BilfingerStructure.Interfaces", "BilfingerStructureInterfaces\BilfingerStructure.Interfaces.csproj", "{5F719914-229E-42DF-B819-DBBA3664B187}"
EndProject
Project("{FAE04EC0-301F-11D3-BF4B-00C04F79EFBC}") = "BilfingerStructure.UI", "BilfingerStructureUI\BilfingerStructure.UI.csproj", "{3034EC2C-B44A-46CC-9A05-490E86664F60}"
EndProject
Global
	GlobalSection(SolutionConfigurationPlatforms) = preSolution
		Debug|Any CPU = Debug|Any CPU
		Release|Any CPU = Release|Any CPU
	EndGlobalSection
	GlobalSection(ProjectConfigurationPlatforms) = postSolution
		{8604B0EA-E5E4-44BB-A99E-04635FACF8A9}.Debug|Any CPU.ActiveCfg = Debug|Any CPU
		{8604B0EA-E5E4-44BB-A99E-04635FACF8A9}.Debug|Any CPU.Build.0 = Debug|Any CPU
		{8604B0EA-E5E4-44BB-A99E-04635FACF8A9}.Release|Any CPU.ActiveCfg = Release|Any CPU
		{8604B0EA-E5E4-44BB-A99E-04635FACF8A9}.Release|Any CPU.Build.0 = Release|Any CPU
		{5F719914-229E-42DF-B819-DBBA3664B187}.Debug|Any CPU.ActiveCfg = Debug|Any CPU
		{5F719914-229E-42DF-B819-DBBA3664B187}.Debug|Any CPU.Build.0 = Debug|Any CPU
		{5F719914-229E-42DF-B819-DBBA3664B187}.Release|Any CPU.ActiveCfg = Release|Any CPU
		{5F719914-229E-42DF-B819-DBBA3664B187}.Release|Any CPU.Build.0 = Release|Any CPU
		{3034EC2C-B44A-46CC-9A05-490E86664F60}.Debug|Any CPU.ActiveCfg = Debug|Any CPU
		{3034EC2C-B44A-46CC-9A05-490E86664F60}.Debug|Any CPU.Build.0 = Debug|Any CPU
		{3034EC2C-B44A-46CC-9A05-490E86664F60}.Release|Any CPU.ActiveCfg = Release|Any CPU
		{3034EC2C-B44A-46CC-9A05-490E86664F60}.Release|Any CPU.Build.0 = Release|Any CPU
	EndGlobalSection
	GlobalSection(SolutionProperties) = preSolution
		HideSolutionNode = FALSE
	EndGlobalSection
	GlobalSection(ExtensibilityGlobals) = postSolution
		SolutionGuid = {F291CE6D-EF03-4494-866E-D46C8110EAE9}
	EndGlobalSection
EndGlobal
